
Microsoft Visual Studio Solution File, Format Version 12.00
# Visual Studio Version 17
VisualStudioVersion = 17.3.32825.248
MinimumVisualStudioVersion = 10.0.40219.1
Project("{9A19103F-16F7-4668-BE54-9A1E7A4F7556}") = "ZyronChatWebApp", "ZyronChatWebApp\ZyronChatWebApp.csproj", "{B0D70170-6F97-4E0F-8BAB-20D6A2855E30}"
EndProject
Project("{9A19103F-16F7-4668-BE54-9A1E7A4F7556}") = "ZyronTests", "ZyronTests\ZyronTests.csproj", "{0259D7D0-217F-46A7-833C-A2752C9A8573}"
EndProject
Project("{2150E333-8FDC-42A3-9474-1A3956D46DE8}") = "Solution Items", "Solution Items", "{DE349CC8-3645-4404-A969-4B7C44084358}"
	ProjectSection(SolutionItems) = preProject
		.editorconfig = .editorconfig
	EndProjectSection
EndProject
Global
	GlobalSection(SolutionConfigurationPlatforms) = preSolution
		Debug|Any CPU = Debug|Any CPU
		Release|Any CPU = Release|Any CPU
	EndGlobalSection
	GlobalSection(ProjectConfigurationPlatforms) = postSolution
		{B0D70170-6F97-4E0F-8BAB-20D6A2855E30}.Debug|Any CPU.ActiveCfg = Debug|Any CPU
		{B0D70170-6F97-4E0F-8BAB-20D6A2855E30}.Debug|Any CPU.Build.0 = Debug|Any CPU
		{B0D70170-6F97-4E0F-8BAB-20D6A2855E30}.Release|Any CPU.ActiveCfg = Release|Any CPU
		{B0D70170-6F97-4E0F-8BAB-20D6A2855E30}.Release|Any CPU.Build.0 = Release|Any CPU
		{0259D7D0-217F-46A7-833C-A2752C9A8573}.Debug|Any CPU.ActiveCfg = Debug|Any CPU
		{0259D7D0-217F-46A7-833C-A2752C9A8573}.Debug|Any CPU.Build.0 = Debug|Any CPU
		{0259D7D0-217F-46A7-833C-A2752C9A8573}.Release|Any CPU.ActiveCfg = Release|Any CPU
		{0259D7D0-217F-46A7-833C-A2752C9A8573}.Release|Any CPU.Build.0 = Release|Any CPU
	EndGlobalSection
	GlobalSection(SolutionProperties) = preSolution
		HideSolutionNode = FALSE
	EndGlobalSection
	GlobalSection(ExtensibilityGlobals) = postSolution
		SolutionGuid = {72A9991E-6F15-4435-8AEE-6ECC8D1F22F7}
	EndGlobalSection
EndGlobal
